
Microsoft Visual Studio Solution File, Format Version 12.00
# Visual Studio Version 16
VisualStudioVersion = 16.0.30711.63
MinimumVisualStudioVersion = 10.0.40219.1
Project("{9A19103F-16F7-4668-BE54-9A1E7A4F7556}") = "MovieProject.Api", "MovieProject.Api\MovieProject.Api.csproj", "{46FB727E-0437-4649-83B1-F507F4E26EFD}"
EndProject
Project("{9A19103F-16F7-4668-BE54-9A1E7A4F7556}") = "MovieProject.DAL", "MovieProject.DAL\MovieProject.DAL.csproj", "{4220B020-7266-4EA4-86A1-CD5B48B8172D}"
EndProject
Project("{9A19103F-16F7-4668-BE54-9A1E7A4F7556}") = "MovieProject.DTO", "MovieProject.DTO\MovieProject.DTO.csproj", "{B8676CD5-BF21-4F18-9605-21F3B6448ABB}"
EndProject
Project("{9A19103F-16F7-4668-BE54-9A1E7A4F7556}") = "MovieProject.Auth", "MovieProject.Auth\MovieProject.Auth.csproj", "{DB9EBC4A-95C4-4CD7-87C8-4A0E543C730E}"
EndProject
Project("{9A19103F-16F7-4668-BE54-9A1E7A4F7556}") = "MovieProject.DesktopClientApp.Core", "MovieProject.DesktopClientApp.Core\MovieProject.DesktopClientApp.Core.csproj", "{70E7DB32-483D-4625-8694-8091974C74B1}"
EndProject
Project("{FAE04EC0-301F-11D3-BF4B-00C04F79EFBC}") = "MovieProject.DesktopClientApp", "MovieProject.DesktopClientApp\MovieProject.DesktopClientApp.csproj", "{19A8C43D-B9E6-4D27-804C-28A2AB2DD11C}"
EndProject
Global
	GlobalSection(SolutionConfigurationPlatforms) = preSolution
		Debug|Any CPU = Debug|Any CPU
		Debug|ARM = Debug|ARM
		Debug|ARM64 = Debug|ARM64
		Debug|x64 = Debug|x64
		Debug|x86 = Debug|x86
		Release|Any CPU = Release|Any CPU
		Release|ARM = Release|ARM
		Release|ARM64 = Release|ARM64
		Release|x64 = Release|x64
		Release|x86 = Release|x86
	EndGlobalSection
	GlobalSection(ProjectConfigurationPlatforms) = postSolution
		{46FB727E-0437-4649-83B1-F507F4E26EFD}.Debug|Any CPU.ActiveCfg = Release|Any CPU
		{46FB727E-0437-4649-83B1-F507F4E26EFD}.Debug|Any CPU.Build.0 = Release|Any CPU
		{46FB727E-0437-4649-83B1-F507F4E26EFD}.Debug|ARM.ActiveCfg = Debug|Any CPU
		{46FB727E-0437-4649-83B1-F507F4E26EFD}.Debug|ARM.Build.0 = Debug|Any CPU
		{46FB727E-0437-4649-83B1-F507F4E26EFD}.Debug|ARM64.ActiveCfg = Debug|Any CPU
		{46FB727E-0437-4649-83B1-F507F4E26EFD}.Debug|ARM64.Build.0 = Debug|Any CPU
		{46FB727E-0437-4649-83B1-F507F4E26EFD}.Debug|x64.ActiveCfg = Debug|Any CPU
		{46FB727E-0437-4649-83B1-F507F4E26EFD}.Debug|x64.Build.0 = Debug|Any CPU
		{46FB727E-0437-4649-83B1-F507F4E26EFD}.Debug|x86.ActiveCfg = Debug|Any CPU
		{46FB727E-0437-4649-83B1-F507F4E26EFD}.Debug|x86.Build.0 = Debug|Any CPU
		{46FB727E-0437-4649-83B1-F507F4E26EFD}.Release|Any CPU.ActiveCfg = Release|Any CPU
		{46FB727E-0437-4649-83B1-F507F4E26EFD}.Release|Any CPU.Build.0 = Release|Any CPU
		{46FB727E-0437-4649-83B1-F507F4E26EFD}.Release|ARM.ActiveCfg = Release|Any CPU
		{46FB727E-0437-4649-83B1-F507F4E26EFD}.Release|ARM.Build.0 = Release|Any CPU
		{46FB727E-0437-4649-83B1-F507F4E26EFD}.Release|ARM64.ActiveCfg = Release|Any CPU
		{46FB727E-0437-4649-83B1-F507F4E26EFD}.Release|ARM64.Build.0 = Release|Any CPU
		{46FB727E-0437-4649-83B1-F507F4E26EFD}.Release|x64.ActiveCfg = Release|Any CPU
		{46FB727E-0437-4649-83B1-F507F4E26EFD}.Release|x64.Build.0 = Release|Any CPU
		{46FB727E-0437-4649-83B1-F507F4E26EFD}.Release|x86.ActiveCfg = Release|Any CPU
		{46FB727E-0437-4649-83B1-F507F4E26EFD}.Release|x86.Build.0 = Release|Any CPU
		{4220B020-7266-4EA4-86A1-CD5B48B8172D}.Debug|Any CPU.ActiveCfg = Debug|Any CPU
		{4220B020-7266-4EA4-86A1-CD5B48B8172D}.Debug|Any CPU.Build.0 = Debug|Any CPU
		{4220B020-7266-4EA4-86A1-CD5B48B8172D}.Debug|ARM.ActiveCfg = Debug|Any CPU
		{4220B020-7266-4EA4-86A1-CD5B48B8172D}.Debug|ARM.Build.0 = Debug|Any CPU
		{4220B020-7266-4EA4-86A1-CD5B48B8172D}.Debug|ARM64.ActiveCfg = Debug|Any CPU
		{4220B020-7266-4EA4-86A1-CD5B48B8172D}.Debug|ARM64.Build.0 = Debug|Any CPU
		{4220B020-7266-4EA4-86A1-CD5B48B8172D}.Debug|x64.ActiveCfg = Debug|Any CPU
		{4220B020-7266-4EA4-86A1-CD5B48B8172D}.Debug|x64.Build.0 = Debug|Any CPU
		{4220B020-7266-4EA4-86A1-CD5B48B8172D}.Debug|x86.ActiveCfg = Debug|Any CPU
		{4220B020-7266-4EA4-86A1-CD5B48B8172D}.Debug|x86.Build.0 = Debug|Any CPU
		{4220B020-7266-4EA4-86A1-CD5B48B8172D}.Release|Any CPU.ActiveCfg = Release|Any CPU
		{4220B020-7266-4EA4-86A1-CD5B48B8172D}.Release|Any CPU.Build.0 = Release|Any CPU
		{4220B020-7266-4EA4-86A1-CD5B48B8172D}.Release|ARM.ActiveCfg = Release|Any CPU
		{4220B020-7266-4EA4-86A1-CD5B48B8172D}.Release|ARM.Build.0 = Release|Any CPU
		{4220B020-7266-4EA4-86A1-CD5B48B8172D}.Release|ARM64.ActiveCfg = Release|Any CPU
		{4220B020-7266-4EA4-86A1-CD5B48B8172D}.Release|ARM64.Build.0 = Release|Any CPU
		{4220B020-7266-4EA4-86A1-CD5B48B8172D}.Release|x64.ActiveCfg = Release|Any CPU
		{4220B020-7266-4EA4-86A1-CD5B48B8172D}.Release|x64.Build.0 = Release|Any CPU
		{4220B020-7266-4EA4-86A1-CD5B48B8172D}.Release|x86.ActiveCfg = Release|Any CPU
		{4220B020-7266-4EA4-86A1-CD5B48B8172D}.Release|x86.Build.0 = Release|Any CPU
		{B8676CD5-BF21-4F18-9605-21F3B6448ABB}.Debug|Any CPU.ActiveCfg = Debug|Any CPU
		{B8676CD5-BF21-4F18-9605-21F3B6448ABB}.Debug|Any CPU.Build.0 = Debug|Any CPU
		{B8676CD5-BF21-4F18-9605-21F3B6448ABB}.Debug|ARM.ActiveCfg = Debug|Any CPU
		{B8676CD5-BF21-4F18-9605-21F3B6448ABB}.Debug|ARM.Build.0 = Debug|Any CPU
		{B8676CD5-BF21-4F18-9605-21F3B6448ABB}.Debug|ARM64.ActiveCfg = Debug|Any CPU
		{B8676CD5-BF21-4F18-9605-21F3B6448ABB}.Debug|ARM64.Build.0 = Debug|Any CPU
		{B8676CD5-BF21-4F18-9605-21F3B6448ABB}.Debug|x64.ActiveCfg = Debug|Any CPU
		{B8676CD5-BF21-4F18-9605-21F3B6448ABB}.Debug|x64.Build.0 = Debug|Any CPU
		{B8676CD5-BF21-4F18-9605-21F3B6448ABB}.Debug|x86.ActiveCfg = Debug|Any CPU
		{B8676CD5-BF21-4F18-9605-21F3B6448ABB}.Debug|x86.Build.0 = Debug|Any CPU
		{B8676CD5-BF21-4F18-9605-21F3B6448ABB}.Release|Any CPU.ActiveCfg = Release|Any CPU
		{B8676CD5-BF21-4F18-9605-21F3B6448ABB}.Release|Any CPU.Build.0 = Release|Any CPU
		{B8676CD5-BF21-4F18-9605-21F3B6448ABB}.Release|ARM.ActiveCfg = Release|Any CPU
		{B8676CD5-BF21-4F18-9605-21F3B6448ABB}.Release|ARM.Build.0 = Release|Any CPU
		{B8676CD5-BF21-4F18-9605-21F3B6448ABB}.Release|ARM64.ActiveCfg = Release|Any CPU
		{B8676CD5-BF21-4F18-9605-21F3B6448ABB}.Release|ARM64.Build.0 = Release|Any CPU
		{B8676CD5-BF21-4F18-9605-21F3B6448ABB}.Release|x64.ActiveCfg = Release|Any CPU
		{B8676CD5-BF21-4F18-9605-21F3B6448ABB}.Release|x64.Build.0 = Release|Any CPU
		{B8676CD5-BF21-4F18-9605-21F3B6448ABB}.Release|x86.ActiveCfg = Release|Any CPU
		{B8676CD5-BF21-4F18-9605-21F3B6448ABB}.Release|x86.Build.0 = Release|Any CPU
		{DB9EBC4A-95C4-4CD7-87C8-4A0E543C730E}.Debug|Any CPU.ActiveCfg = Debug|Any CPU
		{DB9EBC4A-95C4-4CD7-87C8-4A0E543C730E}.Debug|Any CPU.Build.0 = Debug|Any CPU
		{DB9EBC4A-95C4-4CD7-87C8-4A0E543C730E}.Debug|ARM.ActiveCfg = Debug|Any CPU
		{DB9EBC4A-95C4-4CD7-87C8-4A0E543C730E}.Debug|ARM.Build.0 = Debug|Any CPU
		{DB9EBC4A-95C4-4CD7-87C8-4A0E543C730E}.Debug|ARM64.ActiveCfg = Debug|Any CPU
		{DB9EBC4A-95C4-4CD7-87C8-4A0E543C730E}.Debug|ARM64.Build.0 = Debug|Any CPU
		{DB9EBC4A-95C4-4CD7-87C8-4A0E543C730E}.Debug|x64.ActiveCfg = Debug|Any CPU
		{DB9EBC4A-95C4-4CD7-87C8-4A0E543C730E}.Debug|x64.Build.0 = Debug|Any CPU
		{DB9EBC4A-95C4-4CD7-87C8-4A0E543C730E}.Debug|x86.ActiveCfg = Debug|Any CPU
		{DB9EBC4A-95C4-4CD7-87C8-4A0E543C730E}.Debug|x86.Build.0 = Debug|Any CPU
		{DB9EBC4A-95C4-4CD7-87C8-4A0E543C730E}.Release|Any CPU.ActiveCfg = Release|Any CPU
		{DB9EBC4A-95C4-4CD7-87C8-4A0E543C730E}.Release|Any CPU.Build.0 = Release|Any CPU
		{DB9EBC4A-95C4-4CD7-87C8-4A0E543C730E}.Release|ARM.ActiveCfg = Release|Any CPU
		{DB9EBC4A-95C4-4CD7-87C8-4A0E543C730E}.Release|ARM.Build.0 = Release|Any CPU
		{DB9EBC4A-95C4-4CD7-87C8-4A0E543C730E}.Release|ARM64.ActiveCfg = Release|Any CPU
		{DB9EBC4A-95C4-4CD7-87C8-4A0E543C730E}.Release|ARM64.Build.0 = Release|Any CPU
		{DB9EBC4A-95C4-4CD7-87C8-4A0E543C730E}.Release|x64.ActiveCfg = Release|Any CPU
		{DB9EBC4A-95C4-4CD7-87C8-4A0E543C730E}.Release|x64.Build.0 = Release|Any CPU
		{DB9EBC4A-95C4-4CD7-87C8-4A0E543C730E}.Release|x86.ActiveCfg = Release|Any CPU
		{DB9EBC4A-95C4-4CD7-87C8-4A0E543C730E}.Release|x86.Build.0 = Release|Any CPU
		{70E7DB32-483D-4625-8694-8091974C74B1}.Debug|Any CPU.ActiveCfg = Debug|Any CPU
		{70E7DB32-483D-4625-8694-8091974C74B1}.Debug|Any CPU.Build.0 = Debug|Any CPU
		{70E7DB32-483D-4625-8694-8091974C74B1}.Debug|ARM.ActiveCfg = Debug|Any CPU
		{70E7DB32-483D-4625-8694-8091974C74B1}.Debug|ARM.Build.0 = Debug|Any CPU
		{70E7DB32-483D-4625-8694-8091974C74B1}.Debug|ARM64.ActiveCfg = Debug|Any CPU
		{70E7DB32-483D-4625-8694-8091974C74B1}.Debug|ARM64.Build.0 = Debug|Any CPU
		{70E7DB32-483D-4625-8694-8091974C74B1}.Debug|x64.ActiveCfg = Debug|Any CPU
		{70E7DB32-483D-4625-8694-8091974C74B1}.Debug|x64.Build.0 = Debug|Any CPU
		{70E7DB32-483D-4625-8694-8091974C74B1}.Debug|x86.ActiveCfg = Debug|Any CPU
		{70E7DB32-483D-4625-8694-8091974C74B1}.Debug|x86.Build.0 = Debug|Any CPU
		{70E7DB32-483D-4625-8694-8091974C74B1}.Release|Any CPU.ActiveCfg = Release|Any CPU
		{70E7DB32-483D-4625-8694-8091974C74B1}.Release|Any CPU.Build.0 = Release|Any CPU
		{70E7DB32-483D-4625-8694-8091974C74B1}.Release|ARM.ActiveCfg = Release|Any CPU
		{70E7DB32-483D-4625-8694-8091974C74B1}.Release|ARM.Build.0 = Release|Any CPU
		{70E7DB32-483D-4625-8694-8091974C74B1}.Release|ARM64.ActiveCfg = Release|Any CPU
		{70E7DB32-483D-4625-8694-8091974C74B1}.Release|ARM64.Build.0 = Release|Any CPU
		{70E7DB32-483D-4625-8694-8091974C74B1}.Release|x64.ActiveCfg = Release|Any CPU
		{70E7DB32-483D-4625-8694-8091974C74B1}.Release|x64.Build.0 = Release|Any CPU
		{70E7DB32-483D-4625-8694-8091974C74B1}.Release|x86.ActiveCfg = Release|Any CPU
		{70E7DB32-483D-4625-8694-8091974C74B1}.Release|x86.Build.0 = Release|Any CPU
		{19A8C43D-B9E6-4D27-804C-28A2AB2DD11C}.Debug|Any CPU.ActiveCfg = Debug|x86
		{19A8C43D-B9E6-4D27-804C-28A2AB2DD11C}.Debug|ARM.ActiveCfg = Debug|ARM
		{19A8C43D-B9E6-4D27-804C-28A2AB2DD11C}.Debug|ARM.Build.0 = Debug|ARM
		{19A8C43D-B9E6-4D27-804C-28A2AB2DD11C}.Debug|ARM.Deploy.0 = Debug|ARM
		{19A8C43D-B9E6-4D27-804C-28A2AB2DD11C}.Debug|ARM64.ActiveCfg = Debug|ARM64
		{19A8C43D-B9E6-4D27-804C-28A2AB2DD11C}.Debug|ARM64.Build.0 = Debug|ARM64
		{19A8C43D-B9E6-4D27-804C-28A2AB2DD11C}.Debug|ARM64.Deploy.0 = Debug|ARM64
		{19A8C43D-B9E6-4D27-804C-28A2AB2DD11C}.Debug|x64.ActiveCfg = Debug|x64
		{19A8C43D-B9E6-4D27-804C-28A2AB2DD11C}.Debug|x64.Build.0 = Debug|x64
		{19A8C43D-B9E6-4D27-804C-28A2AB2DD11C}.Debug|x64.Deploy.0 = Debug|x64
		{19A8C43D-B9E6-4D27-804C-28A2AB2DD11C}.Debug|x86.ActiveCfg = Debug|x86
		{19A8C43D-B9E6-4D27-804C-28A2AB2DD11C}.Debug|x86.Build.0 = Debug|x86
		{19A8C43D-B9E6-4D27-804C-28A2AB2DD11C}.Debug|x86.Deploy.0 = Debug|x86
		{19A8C43D-B9E6-4D27-804C-28A2AB2DD11C}.Release|Any CPU.ActiveCfg = Release|x86
		{19A8C43D-B9E6-4D27-804C-28A2AB2DD11C}.Release|ARM.ActiveCfg = Release|ARM
		{19A8C43D-B9E6-4D27-804C-28A2AB2DD11C}.Release|ARM.Build.0 = Release|ARM
		{19A8C43D-B9E6-4D27-804C-28A2AB2DD11C}.Release|ARM.Deploy.0 = Release|ARM
		{19A8C43D-B9E6-4D27-804C-28A2AB2DD11C}.Release|ARM64.ActiveCfg = Release|ARM64
		{19A8C43D-B9E6-4D27-804C-28A2AB2DD11C}.Release|ARM64.Build.0 = Release|ARM64
		{19A8C43D-B9E6-4D27-804C-28A2AB2DD11C}.Release|ARM64.Deploy.0 = Release|ARM64
		{19A8C43D-B9E6-4D27-804C-28A2AB2DD11C}.Release|x64.ActiveCfg = Release|x64
		{19A8C43D-B9E6-4D27-804C-28A2AB2DD11C}.Release|x64.Build.0 = Release|x64
		{19A8C43D-B9E6-4D27-804C-28A2AB2DD11C}.Release|x64.Deploy.0 = Release|x64
		{19A8C43D-B9E6-4D27-804C-28A2AB2DD11C}.Release|x86.ActiveCfg = Release|x86
		{19A8C43D-B9E6-4D27-804C-28A2AB2DD11C}.Release|x86.Build.0 = Release|x86
		{19A8C43D-B9E6-4D27-804C-28A2AB2DD11C}.Release|x86.Deploy.0 = Release|x86
	EndGlobalSection
	GlobalSection(SolutionProperties) = preSolution
		HideSolutionNode = FALSE
	EndGlobalSection
	GlobalSection(ExtensibilityGlobals) = postSolution
		SolutionGuid = {863C9850-6589-420F-A613-5D413AAF6C4C}
	EndGlobalSection
EndGlobal
